
Microsoft Visual Studio Solution File, Format Version 12.00
# Visual Studio Version 17
VisualStudioVersion = 17.11.35303.130
MinimumVisualStudioVersion = 10.0.40219.1
Project("{FAE04EC0-301F-11D3-BF4B-00C04F79EFBC}") = "lab_4_lection", "lab_4_lection.csproj", "{7847B7B8-ACCD-46DD-B1C7-3BBE30F84B96}"
EndProject
Global
	GlobalSection(SolutionConfigurationPlatforms) = preSolution
		Debug|Any CPU = Debug|Any CPU
		Release|Any CPU = Release|Any CPU
	EndGlobalSection
	GlobalSection(ProjectConfigurationPlatforms) = postSolution
		{7847B7B8-ACCD-46DD-B1C7-3BBE30F84B96}.Debug|Any CPU.ActiveCfg = Debug|Any CPU
		{7847B7B8-ACCD-46DD-B1C7-3BBE30F84B96}.Debug|Any CPU.Build.0 = Debug|Any CPU
		{7847B7B8-ACCD-46DD-B1C7-3BBE30F84B96}.Release|Any CPU.ActiveCfg = Release|Any CPU
		{7847B7B8-ACCD-46DD-B1C7-3BBE30F84B96}.Release|Any CPU.Build.0 = Release|Any CPU
	EndGlobalSection
	GlobalSection(SolutionProperties) = preSolution
		HideSolutionNode = FALSE
	EndGlobalSection
	GlobalSection(ExtensibilityGlobals) = postSolution
		SolutionGuid = {1F9A403A-3D31-4A5F-A17E-D859ABDE1567}
	EndGlobalSection
EndGlobal
